
Microsoft Visual Studio Solution File, Format Version 12.00
# Visual Studio for Mac
Project("{FAE04EC0-301F-11D3-BF4B-00C04F79EFBC}") = "Assembly-CSharp", "Assembly-CSharp.csproj", "{81A050ED-83D7-5316-38DD-5F17BD2BFED9}"
EndProject
Project("{FAE04EC0-301F-11D3-BF4B-00C04F79EFBC}") = "VuforiaScripts", "VuforiaScripts.csproj", "{71FE0775-0277-939A-1BA2-815E07BE7D46}"
EndProject
Project("{FAE04EC0-301F-11D3-BF4B-00C04F79EFBC}") = "Assembly-CSharp-Editor", "Assembly-CSharp-Editor.csproj", "{3ABC3D03-8140-246F-EB9D-1BD9F6824B54}"
EndProject
Project("{FAE04EC0-301F-11D3-BF4B-00C04F79EFBC}") = "VuforiaEditorScripts", "VuforiaEditorScripts.csproj", "{33527869-039E-D7F1-C65B-3362AEC0B969}"
EndProject
Global
	GlobalSection(SolutionConfigurationPlatforms) = preSolution
		Debug|Any CPU = Debug|Any CPU
		Release|Any CPU = Release|Any CPU
	EndGlobalSection
	GlobalSection(ProjectConfigurationPlatforms) = postSolution
		{81A050ED-83D7-5316-38DD-5F17BD2BFED9}.Debug|Any CPU.ActiveCfg = Debug|Any CPU
		{81A050ED-83D7-5316-38DD-5F17BD2BFED9}.Debug|Any CPU.Build.0 = Debug|Any CPU
		{81A050ED-83D7-5316-38DD-5F17BD2BFED9}.Release|Any CPU.ActiveCfg = Release|Any CPU
		{81A050ED-83D7-5316-38DD-5F17BD2BFED9}.Release|Any CPU.Build.0 = Release|Any CPU
		{71FE0775-0277-939A-1BA2-815E07BE7D46}.Debug|Any CPU.ActiveCfg = Debug|Any CPU
		{71FE0775-0277-939A-1BA2-815E07BE7D46}.Debug|Any CPU.Build.0 = Debug|Any CPU
		{71FE0775-0277-939A-1BA2-815E07BE7D46}.Release|Any CPU.ActiveCfg = Release|Any CPU
		{71FE0775-0277-939A-1BA2-815E07BE7D46}.Release|Any CPU.Build.0 = Release|Any CPU
		{3ABC3D03-8140-246F-EB9D-1BD9F6824B54}.Debug|Any CPU.ActiveCfg = Debug|Any CPU
		{3ABC3D03-8140-246F-EB9D-1BD9F6824B54}.Debug|Any CPU.Build.0 = Debug|Any CPU
		{3ABC3D03-8140-246F-EB9D-1BD9F6824B54}.Release|Any CPU.ActiveCfg = Release|Any CPU
		{3ABC3D03-8140-246F-EB9D-1BD9F6824B54}.Release|Any CPU.Build.0 = Release|Any CPU
		{33527869-039E-D7F1-C65B-3362AEC0B969}.Debug|Any CPU.ActiveCfg = Debug|Any CPU
		{33527869-039E-D7F1-C65B-3362AEC0B969}.Debug|Any CPU.Build.0 = Debug|Any CPU
		{33527869-039E-D7F1-C65B-3362AEC0B969}.Release|Any CPU.ActiveCfg = Release|Any CPU
		{33527869-039E-D7F1-C65B-3362AEC0B969}.Release|Any CPU.Build.0 = Release|Any CPU
	EndGlobalSection
	GlobalSection(SolutionProperties) = preSolution
		HideSolutionNode = FALSE
	EndGlobalSection
EndGlobal
